
Microsoft Visual Studio Solution File, Format Version 12.00
Project("{FAE04EC0-301F-11D3-BF4B-00C04F79EFBC}") = "ConsoleApp1", "ConsoleApp1\ConsoleApp1.csproj", "{71D7E1BC-BC97-40BB-9163-E765C7CDCB2E}"
EndProject
Project("{FAE04EC0-301F-11D3-BF4B-00C04F79EFBC}") = "BabyCarrot", "BabyCarrot\BabyCarrot.csproj", "{46A6E792-9B60-4430-A1D7-1A6DFE73B81F}"
EndProject
Global
	GlobalSection(SolutionConfigurationPlatforms) = preSolution
		Debug|Any CPU = Debug|Any CPU
		Release|Any CPU = Release|Any CPU
	EndGlobalSection
	GlobalSection(ProjectConfigurationPlatforms) = postSolution
		{71D7E1BC-BC97-40BB-9163-E765C7CDCB2E}.Debug|Any CPU.ActiveCfg = Debug|Any CPU
		{71D7E1BC-BC97-40BB-9163-E765C7CDCB2E}.Debug|Any CPU.Build.0 = Debug|Any CPU
		{71D7E1BC-BC97-40BB-9163-E765C7CDCB2E}.Release|Any CPU.ActiveCfg = Release|Any CPU
		{71D7E1BC-BC97-40BB-9163-E765C7CDCB2E}.Release|Any CPU.Build.0 = Release|Any CPU
		{46A6E792-9B60-4430-A1D7-1A6DFE73B81F}.Debug|Any CPU.ActiveCfg = Debug|Any CPU
		{46A6E792-9B60-4430-A1D7-1A6DFE73B81F}.Debug|Any CPU.Build.0 = Debug|Any CPU
		{46A6E792-9B60-4430-A1D7-1A6DFE73B81F}.Release|Any CPU.ActiveCfg = Release|Any CPU
		{46A6E792-9B60-4430-A1D7-1A6DFE73B81F}.Release|Any CPU.Build.0 = Release|Any CPU
	EndGlobalSection
EndGlobal
